<?xml version="1.0" encoding="UTF-8"?>
<Scheme
   version = "1.3">
   <BuildAction>
      <BuildActionEntries>
         <BuildActionEntry
            buildForRunning = "YES">
            <BuildableReference
               BuildableIdentifier = "primary"
               BlueprintIdentifier = "C2C8288F2654932900471FAF"
               BuildableName = "LiveStateManagement.app"
               BlueprintName = "LiveStateManagement"
               ReferencedContainer = "container:LiveStateManagement.xcodeproj">
            </BuildableReference>
         </BuildActionEntry>
      </BuildActionEntries>
   </BuildAction>
   <LaunchAction
      useCustomWorkingDirectory = "NO"
      buildConfiguration = "Debug"
      allowLocationSimulation = "YES">
      <BuildableProductRunnable>
         <BuildableReference
            BuildableIdentifier = "primary"
            BlueprintIdentifier = "C2C8288F2654932900471FAF"
            BuildableName = "LiveStateManagement.app"
            BlueprintName = "LiveStateManagement"
            ReferencedContainer = "container:LiveStateManagement.xcodeproj">
         </BuildableReference>
      </BuildableProductRunnable>
   </LaunchAction>
</Scheme>
