<?xml version="1.0" encoding="UTF-8"?>
<Scheme
   version = "1.3">
   <BuildAction>
      <BuildActionEntries>
         <BuildActionEntry
            buildForRunning = "YES">
            <BuildableReference
               BuildableIdentifier = "primary"
               BlueprintIdentifier = "34987FFCB4DB6BBAFB10A19F"
               BuildableName = "LiveMovies.app"
               BlueprintName = "LiveMovies"
               ReferencedContainer = "container:LiveMovies.xcodeproj">
            </BuildableReference>
         </BuildActionEntry>
      </BuildActionEntries>
   </BuildAction>
   <LaunchAction
      useCustomWorkingDirectory = "NO"
      buildConfiguration = "Debug"
      allowLocationSimulation = "YES">
      <BuildableProductRunnable>
         <BuildableReference
            BuildableIdentifier = "primary"
            BlueprintIdentifier = "34987FFCB4DB6BBAFB10A19F"
            BuildableName = "LiveMovies.app"
            BlueprintName = "LiveMovies"
            ReferencedContainer = "container:LiveMovies.xcodeproj">
         </BuildableReference>
      </BuildableProductRunnable>
   </LaunchAction>
</Scheme>
